<?xml version="1.0" encoding="utf-8"?>
<Project ToolsVersion="4.0" xmlns="http://schemas.microsoft.com/developer/msbuild/2003">
  <ItemGroup>
    <ClInclude Include="f4se_version.h" />
    <ClInclude Include="Utilities.h" />
    <ClInclude Include="Relocation.h" />
    <ClInclude Include="SafeWrite.h" />
    <ClInclude Include="BranchTrampoline.h" />
  </ItemGroup>
  <ItemGroup>
    <ClCompile Include="Utilities.cpp" />
    <ClCompile Include="Relocation.cpp" />
    <ClCompile Include="SafeWrite.cpp" />
    <ClCompile Include="BranchTrampoline.cpp" />
  </ItemGroup>
  <ItemGroup>
    <ResourceCompile Include="f4se_version.rc" />
  </ItemGroup>
  <ItemGroup>
    <None Include=".gitignore" />
    <None Include="cmake\sourcelist.cmake">
      <Filter>.cmake</Filter>
    </None>
    <None Include="cmake\headerlist.cmake">
      <Filter>.cmake</Filter>
    </None>
    <None Include="cmake\config.cmake.in">
      <Filter>.cmake</Filter>
    </None>
  </ItemGroup>
  <ItemGroup>
    <Text Include="CMakeLists.txt" />
  </ItemGroup>
  <ItemGroup>
    <Filter Include=".cmake">
      <UniqueIdentifier>{d8f71852-19ac-489d-8208-b6c2cf102ac8}</UniqueIdentifier>
    </Filter>
  </ItemGroup>
</Project>