<?xml version="1.0" encoding="utf-8"?>
<Project ToolsVersion="4.0" xmlns="http://schemas.microsoft.com/developer/msbuild/2003">
  <ItemGroup>
    <ClCompile Include="main.cpp" />
    <ClCompile Include="Options.cpp" />
  </ItemGroup>
  <ItemGroup>
    <ResourceCompile Include="..\f4se_common\f4se_version.rc" />
  </ItemGroup>
  <ItemGroup>
    <ClInclude Include="Options.h" />
  </ItemGroup>
  <ItemGroup>
    <None Include=".gitignore" />
    <None Include="cmake\sourcelist.cmake">
      <Filter>.cmake</Filter>
    </None>
    <None Include="cmake\headerlist.cmake">
      <Filter>.cmake</Filter>
    </None>
  </ItemGroup>
  <ItemGroup>
    <Text Include="CMakeLists.txt" />
  </ItemGroup>
  <ItemGroup>
    <Filter Include=".cmake">
      <UniqueIdentifier>{49088578-9986-4140-bd4d-769943d4e80b}</UniqueIdentifier>
    </Filter>
  </ItemGroup>
</Project>