
Microsoft Visual Studio Solution File, Format Version 12.00
# Visual Studio Version 16
VisualStudioVersion = 16.0.31112.23
MinimumVisualStudioVersion = 10.0.40219.1
Project("{8BC9CEB8-8B4A-11D0-8D11-00A0C91BC942}") = "f4se", "f4se\f4se.vcxproj", "{A236F69D-8FF9-4491-AC5F-45BF49448BBE}"
EndProject
Project("{8BC9CEB8-8B4A-11D0-8D11-00A0C91BC942}") = "f4se_common", "f4se_common\f4se_common.vcxproj", "{20C6411C-596F-4B85-BE4E-8BC91F59D8A6}"
EndProject
Project("{8BC9CEB8-8B4A-11D0-8D11-00A0C91BC942}") = "common_vc11", "..\common\common_vc11.vcxproj", "{D4C128A1-73DC-4941-A453-CE55AF239BA8}"
EndProject
Project("{2150E333-8FDC-42A3-9474-1A3956D46DE8}") = "XSE.Plugins", "XSE.Plugins", "{161D4080-8BDC-4E78-AB43-0A913F2054B6}"
	ProjectSection(SolutionItems) = preProject
		..\plugins\README.md = ..\plugins\README.md
	EndProjectSection
EndProject
Project("{8BC9CEB8-8B4A-11D0-8D11-00A0C91BC942}") = "f4se_loader_common", "f4se_loader_common\f4se_loader_common.vcxproj", "{BE858737-949E-48CF-ADF9-079389049B57}"
EndProject
Project("{8BC9CEB8-8B4A-11D0-8D11-00A0C91BC942}") = "f4se_steam_loader", "f4se_steam_loader\f4se_steam_loader.vcxproj", "{B13F31AC-C86C-47FF-B900-EDA1F6EC6C84}"
EndProject
Project("{8BC9CEB8-8B4A-11D0-8D11-00A0C91BC942}") = "f4se_loader", "f4se_loader\f4se_loader.vcxproj", "{4229A810-8CB3-4C31-A0F5-8E73D89C0379}"
EndProject
Project("{2150E333-8FDC-42A3-9474-1A3956D46DE8}") = "Installer", "Installer", "{79DDFD8B-0A43-42CF-AC29-007A87B46254}"
	ProjectSection(SolutionItems) = preProject
		installer\f4se.nsi = installer\f4se.nsi
		installer\License.txt = installer\License.txt
	EndProjectSection
EndProject
Project("{2150E333-8FDC-42A3-9474-1A3956D46DE8}") = "xbyak", "xbyak", "{E45100DF-85E4-4078-ABEE-F81D71BBEF9C}"
	ProjectSection(SolutionItems) = preProject
		xbyak\CMakeLists.txt = xbyak\CMakeLists.txt
		xbyak\COPYRIGHT = xbyak\COPYRIGHT
		xbyak\xbyak.h = xbyak\xbyak.h
		xbyak\xbyak_bin2hex.h = xbyak\xbyak_bin2hex.h
		xbyak\xbyak_mnemonic.h = xbyak\xbyak_mnemonic.h
		xbyak\xbyak_util.h = xbyak\xbyak_util.h
	EndProjectSection
EndProject
Project("{2150E333-8FDC-42A3-9474-1A3956D46DE8}") = "Scripts", "Scripts", "{AEFB4976-0C61-4F30-BE21-D4DF274341AB}"
	ProjectSection(SolutionItems) = preProject
		scripts\F4SE.ppj = scripts\F4SE.ppj
	EndProjectSection
EndProject
Project("{2150E333-8FDC-42A3-9474-1A3956D46DE8}") = "vanilla", "vanilla", "{8E55E0B3-2ADA-494F-BC14-0659D0F3C0DF}"
	ProjectSection(SolutionItems) = preProject
		scripts\vanilla\Action.psc = scripts\vanilla\Action.psc
		scripts\vanilla\Activator.psc = scripts\vanilla\Activator.psc
		scripts\vanilla\ActiveMagicEffect.psc = scripts\vanilla\ActiveMagicEffect.psc
		scripts\vanilla\Actor.psc = scripts\vanilla\Actor.psc
		scripts\vanilla\ActorBase.psc = scripts\vanilla\ActorBase.psc
		scripts\vanilla\ActorValue.psc = scripts\vanilla\ActorValue.psc
		scripts\vanilla\Alias.psc = scripts\vanilla\Alias.psc
		scripts\vanilla\Ammo.psc = scripts\vanilla\Ammo.psc
		scripts\vanilla\AOScript.psc = scripts\vanilla\AOScript.psc
		scripts\vanilla\Armor.psc = scripts\vanilla\Armor.psc
		scripts\vanilla\AssociationType.psc = scripts\vanilla\AssociationType.psc
		scripts\vanilla\Book.psc = scripts\vanilla\Book.psc
		scripts\vanilla\CameraShot.psc = scripts\vanilla\CameraShot.psc
		scripts\vanilla\Cell.psc = scripts\vanilla\Cell.psc
		scripts\vanilla\Class.psc = scripts\vanilla\Class.psc
		scripts\vanilla\CombatStyle.psc = scripts\vanilla\CombatStyle.psc
		scripts\vanilla\CommonArrayFunctions.psc = scripts\vanilla\CommonArrayFunctions.psc
		scripts\vanilla\CommonPropertiesScript.psc = scripts\vanilla\CommonPropertiesScript.psc
		scripts\vanilla\CompanionActorScript.psc = scripts\vanilla\CompanionActorScript.psc
		scripts\vanilla\Component.psc = scripts\vanilla\Component.psc
		scripts\vanilla\ConstructibleObject.psc = scripts\vanilla\ConstructibleObject.psc
		scripts\vanilla\Container.psc = scripts\vanilla\Container.psc
		scripts\vanilla\Debug.psc = scripts\vanilla\Debug.psc
		scripts\vanilla\DogmeatActorScript.psc = scripts\vanilla\DogmeatActorScript.psc
		scripts\vanilla\DogmeatIdles.psc = scripts\vanilla\DogmeatIdles.psc
		scripts\vanilla\Door.psc = scripts\vanilla\Door.psc
		scripts\vanilla\EffectShader.psc = scripts\vanilla\EffectShader.psc
		scripts\vanilla\Enchantment.psc = scripts\vanilla\Enchantment.psc
		scripts\vanilla\EncounterZone.psc = scripts\vanilla\EncounterZone.psc
		scripts\vanilla\Explosion.psc = scripts\vanilla\Explosion.psc
		scripts\vanilla\Faction.psc = scripts\vanilla\Faction.psc
		scripts\vanilla\Flora.psc = scripts\vanilla\Flora.psc
		scripts\vanilla\FollowersScript.psc = scripts\vanilla\FollowersScript.psc
		scripts\vanilla\Form.psc = scripts\vanilla\Form.psc
		scripts\vanilla\FormList.psc = scripts\vanilla\FormList.psc
		scripts\vanilla\Furniture.psc = scripts\vanilla\Furniture.psc
		scripts\vanilla\Game.psc = scripts\vanilla\Game.psc
		scripts\vanilla\GlobalVariable.psc = scripts\vanilla\GlobalVariable.psc
		scripts\vanilla\Hazard.psc = scripts\vanilla\Hazard.psc
		scripts\vanilla\HeadPart.psc = scripts\vanilla\HeadPart.psc
		scripts\vanilla\Holotape.psc = scripts\vanilla\Holotape.psc
		scripts\vanilla\Idle.psc = scripts\vanilla\Idle.psc
		scripts\vanilla\ImageSpaceModifier.psc = scripts\vanilla\ImageSpaceModifier.psc
		scripts\vanilla\ImpactDataSet.psc = scripts\vanilla\ImpactDataSet.psc
		scripts\vanilla\Ingredient.psc = scripts\vanilla\Ingredient.psc
		scripts\vanilla\InputEnableLayer.psc = scripts\vanilla\InputEnableLayer.psc
		scripts\vanilla\InstanceNamingRules.psc = scripts\vanilla\InstanceNamingRules.psc
		scripts\vanilla\Institute_Papyrus_Flags.flg = scripts\vanilla\Institute_Papyrus_Flags.flg
		scripts\vanilla\Key.psc = scripts\vanilla\Key.psc
		scripts\vanilla\Keyword.psc = scripts\vanilla\Keyword.psc
		scripts\vanilla\LeveledActor.psc = scripts\vanilla\LeveledActor.psc
		scripts\vanilla\LeveledItem.psc = scripts\vanilla\LeveledItem.psc
		scripts\vanilla\LeveledSpell.psc = scripts\vanilla\LeveledSpell.psc
		scripts\vanilla\Light.psc = scripts\vanilla\Light.psc
		scripts\vanilla\Location.psc = scripts\vanilla\Location.psc
		scripts\vanilla\LocationAlias.psc = scripts\vanilla\LocationAlias.psc
		scripts\vanilla\LocationRefType.psc = scripts\vanilla\LocationRefType.psc
		scripts\vanilla\MagicEffect.psc = scripts\vanilla\MagicEffect.psc
		scripts\vanilla\Math.psc = scripts\vanilla\Math.psc
		scripts\vanilla\Message.psc = scripts\vanilla\Message.psc
		scripts\vanilla\MiscObject.psc = scripts\vanilla\MiscObject.psc
		scripts\vanilla\MovableStatic.psc = scripts\vanilla\MovableStatic.psc
		scripts\vanilla\MusicType.psc = scripts\vanilla\MusicType.psc
		scripts\vanilla\ObjectMod.psc = scripts\vanilla\ObjectMod.psc
		scripts\vanilla\ObjectReference.psc = scripts\vanilla\ObjectReference.psc
		scripts\vanilla\Outfit.psc = scripts\vanilla\Outfit.psc
		scripts\vanilla\OutputModel.psc = scripts\vanilla\OutputModel.psc
		scripts\vanilla\Package.psc = scripts\vanilla\Package.psc
		scripts\vanilla\Perk.psc = scripts\vanilla\Perk.psc
		scripts\vanilla\Potion.psc = scripts\vanilla\Potion.psc
		scripts\vanilla\Projectile.psc = scripts\vanilla\Projectile.psc
		scripts\vanilla\Quest.psc = scripts\vanilla\Quest.psc
		scripts\vanilla\Race.psc = scripts\vanilla\Race.psc
		scripts\vanilla\RefCollectionAlias.psc = scripts\vanilla\RefCollectionAlias.psc
		scripts\vanilla\ReferenceAlias.psc = scripts\vanilla\ReferenceAlias.psc
		scripts\vanilla\SAEClutterTriggerScript.psc = scripts\vanilla\SAEClutterTriggerScript.psc
		scripts\vanilla\SASTriggerScript.psc = scripts\vanilla\SASTriggerScript.psc
		scripts\vanilla\Scene.psc = scripts\vanilla\Scene.psc
		scripts\vanilla\ScriptObject.psc = scripts\vanilla\ScriptObject.psc
		scripts\vanilla\Scroll.psc = scripts\vanilla\Scroll.psc
		scripts\vanilla\Shout.psc = scripts\vanilla\Shout.psc
		scripts\vanilla\SoulGem.psc = scripts\vanilla\SoulGem.psc
		scripts\vanilla\Sound.psc = scripts\vanilla\Sound.psc
		scripts\vanilla\Spell.psc = scripts\vanilla\Spell.psc
		scripts\vanilla\Static.psc = scripts\vanilla\Static.psc
		scripts\vanilla\TeleportActorScript.psc = scripts\vanilla\TeleportActorScript.psc
		scripts\vanilla\Terminal.psc = scripts\vanilla\Terminal.psc
		scripts\vanilla\TextureSet.psc = scripts\vanilla\TextureSet.psc
		scripts\vanilla\Topic.psc = scripts\vanilla\Topic.psc
		scripts\vanilla\TopicInfo.psc = scripts\vanilla\TopicInfo.psc
		scripts\vanilla\Trigger.psc = scripts\vanilla\Trigger.psc
		scripts\vanilla\Utility.psc = scripts\vanilla\Utility.psc
		scripts\vanilla\VisualEffect.psc = scripts\vanilla\VisualEffect.psc
		scripts\vanilla\VoiceType.psc = scripts\vanilla\VoiceType.psc
		scripts\vanilla\Weapon.psc = scripts\vanilla\Weapon.psc
		scripts\vanilla\Weather.psc = scripts\vanilla\Weather.psc
		scripts\vanilla\WordOfPower.psc = scripts\vanilla\WordOfPower.psc
		scripts\vanilla\WorkshopDataScript.psc = scripts\vanilla\WorkshopDataScript.psc
		scripts\vanilla\WorkshopNPCScript.psc = scripts\vanilla\WorkshopNPCScript.psc
		scripts\vanilla\workshopObjectActorScript.psc = scripts\vanilla\workshopObjectActorScript.psc
		scripts\vanilla\WorkshopObjectScript.psc = scripts\vanilla\WorkshopObjectScript.psc
		scripts\vanilla\WorkshopParentScript.psc = scripts\vanilla\WorkshopParentScript.psc
		scripts\vanilla\WorkshopScript.psc = scripts\vanilla\WorkshopScript.psc
		scripts\vanilla\WorldSpace.psc = scripts\vanilla\WorldSpace.psc
	EndProjectSection
EndProject
Project("{2150E333-8FDC-42A3-9474-1A3956D46DE8}") = "modified", "modified", "{DA6C4003-64A4-4CDC-80ED-8F6C1C6362F4}"
	ProjectSection(SolutionItems) = preProject
		scripts\modified\Actor.psc = scripts\modified\Actor.psc
		scripts\modified\ActorBase.psc = scripts\modified\ActorBase.psc
		scripts\modified\Armor.psc = scripts\modified\Armor.psc
		scripts\modified\ArmorAddon.psc = scripts\modified\ArmorAddon.psc
		scripts\modified\Cell.psc = scripts\modified\Cell.psc
		scripts\modified\Component.psc = scripts\modified\Component.psc
		scripts\modified\ConstructibleObject.psc = scripts\modified\ConstructibleObject.psc
		scripts\modified\DefaultObject.psc = scripts\modified\DefaultObject.psc
		scripts\modified\EncounterZone.psc = scripts\modified\EncounterZone.psc
		scripts\modified\EquipSlot.psc = scripts\modified\EquipSlot.psc
		scripts\modified\F4SE.psc = scripts\modified\F4SE.psc
		scripts\modified\FavoritesManager.psc = scripts\modified\FavoritesManager.psc
		scripts\modified\Form.psc = scripts\modified\Form.psc
		scripts\modified\Game.psc = scripts\modified\Game.psc
		scripts\modified\HeadPart.psc = scripts\modified\HeadPart.psc
		scripts\modified\Input.psc = scripts\modified\Input.psc
		scripts\modified\InstanceData.psc = scripts\modified\InstanceData.psc
		scripts\modified\Location.psc = scripts\modified\Location.psc
		scripts\modified\Math.psc = scripts\modified\Math.psc
		scripts\modified\MatSwap.psc = scripts\modified\MatSwap.psc
		scripts\modified\MiscObject.psc = scripts\modified\MiscObject.psc
		scripts\modified\ObjectMod.psc = scripts\modified\ObjectMod.psc
		scripts\modified\ObjectReference.psc = scripts\modified\ObjectReference.psc
		scripts\modified\Perk.psc = scripts\modified\Perk.psc
		scripts\modified\ScriptObject.psc = scripts\modified\ScriptObject.psc
		scripts\modified\UI.psc = scripts\modified\UI.psc
		scripts\modified\Utility.psc = scripts\modified\Utility.psc
		scripts\modified\WaterType.psc = scripts\modified\WaterType.psc
		scripts\modified\Weapon.psc = scripts\modified\Weapon.psc
	EndProjectSection
EndProject
Project("{8BC9CEB8-8B4A-11D0-8D11-00A0C91BC942}") = "Computing", "..\plugins\Computing\Computing.vcxproj", "{77FC248A-44A9-418F-B4D5-8A793805C7C6}"
EndProject
Project("{8BC9CEB8-8B4A-11D0-8D11-00A0C91BC942}") = "PapyrusTerminal", "..\plugins\PapyrusTerminal\PapyrusTerminal.vcxproj", "{57402FE8-727B-4C6B-A9C7-61CB6C1D85EF}"
EndProject
Project("{2150E333-8FDC-42A3-9474-1A3956D46DE8}") = "cmake", "cmake", "{075B7775-DEB5-490F-BF69-A956B94053D2}"
	ProjectSection(SolutionItems) = preProject
		cmake\configuration.cmake = cmake\configuration.cmake
		cmake\installation.cmake = cmake\installation.cmake
		cmake\versioning.cmake = cmake\versioning.cmake
	EndProjectSection
EndProject
Project("{8BC9CEB8-8B4A-11D0-8D11-00A0C91BC942}") = "Xtensions", "..\plugins\Xtensions\Xtensions.vcxproj", "{EB3A2D3E-E29E-46DB-8BCD-997CF1FC8ECF}"
EndProject
Project("{2150E333-8FDC-42A3-9474-1A3956D46DE8}") = "XSE", "XSE", "{72D9DF1A-3109-48C4-A9F8-08703C480DA9}"
	ProjectSection(SolutionItems) = preProject
		.gitignore = .gitignore
		CMakeLists.txt = CMakeLists.txt
		CustomControlMap.txt = CustomControlMap.txt
		f4se_readme.txt = f4se_readme.txt
		f4se_whatsnew.txt = f4se_whatsnew.txt
		README.md = README.md
	EndProjectSection
EndProject
Global
	GlobalSection(SolutionConfigurationPlatforms) = preSolution
		Debug_VC142|x64 = Debug_VC142|x64
		Debug_VC142|x86 = Debug_VC142|x86
		Debug|x64 = Debug|x64
		Debug|x86 = Debug|x86
		Release_VC142|x64 = Release_VC142|x64
		Release_VC142|x86 = Release_VC142|x86
		Release|x64 = Release|x64
		Release|x86 = Release|x86
	EndGlobalSection
	GlobalSection(ProjectConfigurationPlatforms) = postSolution
		{A236F69D-8FF9-4491-AC5F-45BF49448BBE}.Debug_VC142|x64.ActiveCfg = Debug|x64
		{A236F69D-8FF9-4491-AC5F-45BF49448BBE}.Debug_VC142|x64.Build.0 = Debug|x64
		{A236F69D-8FF9-4491-AC5F-45BF49448BBE}.Debug_VC142|x86.ActiveCfg = Release|x64
		{A236F69D-8FF9-4491-AC5F-45BF49448BBE}.Debug_VC142|x86.Build.0 = Release|x64
		{A236F69D-8FF9-4491-AC5F-45BF49448BBE}.Debug|x64.ActiveCfg = Debug|x64
		{A236F69D-8FF9-4491-AC5F-45BF49448BBE}.Debug|x64.Build.0 = Debug|x64
		{A236F69D-8FF9-4491-AC5F-45BF49448BBE}.Debug|x86.ActiveCfg = Debug|x64
		{A236F69D-8FF9-4491-AC5F-45BF49448BBE}.Release_VC142|x64.ActiveCfg = Release|x64
		{A236F69D-8FF9-4491-AC5F-45BF49448BBE}.Release_VC142|x64.Build.0 = Release|x64
		{A236F69D-8FF9-4491-AC5F-45BF49448BBE}.Release_VC142|x86.ActiveCfg = Release|x64
		{A236F69D-8FF9-4491-AC5F-45BF49448BBE}.Release_VC142|x86.Build.0 = Release|x64
		{A236F69D-8FF9-4491-AC5F-45BF49448BBE}.Release|x64.ActiveCfg = Release|x64
		{A236F69D-8FF9-4491-AC5F-45BF49448BBE}.Release|x86.ActiveCfg = Release|x64
		{20C6411C-596F-4B85-BE4E-8BC91F59D8A6}.Debug_VC142|x64.ActiveCfg = Debug|x64
		{20C6411C-596F-4B85-BE4E-8BC91F59D8A6}.Debug_VC142|x64.Build.0 = Debug|x64
		{20C6411C-596F-4B85-BE4E-8BC91F59D8A6}.Debug_VC142|x86.ActiveCfg = Release|x64
		{20C6411C-596F-4B85-BE4E-8BC91F59D8A6}.Debug_VC142|x86.Build.0 = Release|x64
		{20C6411C-596F-4B85-BE4E-8BC91F59D8A6}.Debug|x64.ActiveCfg = Debug|x64
		{20C6411C-596F-4B85-BE4E-8BC91F59D8A6}.Debug|x64.Build.0 = Debug|x64
		{20C6411C-596F-4B85-BE4E-8BC91F59D8A6}.Debug|x86.ActiveCfg = Debug|x64
		{20C6411C-596F-4B85-BE4E-8BC91F59D8A6}.Release_VC142|x64.ActiveCfg = Release|x64
		{20C6411C-596F-4B85-BE4E-8BC91F59D8A6}.Release_VC142|x64.Build.0 = Release|x64
		{20C6411C-596F-4B85-BE4E-8BC91F59D8A6}.Release_VC142|x86.ActiveCfg = Release|x64
		{20C6411C-596F-4B85-BE4E-8BC91F59D8A6}.Release_VC142|x86.Build.0 = Release|x64
		{20C6411C-596F-4B85-BE4E-8BC91F59D8A6}.Release|x64.ActiveCfg = Release|x64
		{20C6411C-596F-4B85-BE4E-8BC91F59D8A6}.Release|x86.ActiveCfg = Release|x64
		{D4C128A1-73DC-4941-A453-CE55AF239BA8}.Debug_VC142|x64.ActiveCfg = Debug|x64
		{D4C128A1-73DC-4941-A453-CE55AF239BA8}.Debug_VC142|x64.Build.0 = Debug|x64
		{D4C128A1-73DC-4941-A453-CE55AF239BA8}.Debug_VC142|x86.ActiveCfg = Debug|Win32
		{D4C128A1-73DC-4941-A453-CE55AF239BA8}.Debug_VC142|x86.Build.0 = Debug|Win32
		{D4C128A1-73DC-4941-A453-CE55AF239BA8}.Debug|x64.ActiveCfg = Debug|x64
		{D4C128A1-73DC-4941-A453-CE55AF239BA8}.Debug|x64.Build.0 = Debug|x64
		{D4C128A1-73DC-4941-A453-CE55AF239BA8}.Debug|x86.ActiveCfg = Debug|Win32
		{D4C128A1-73DC-4941-A453-CE55AF239BA8}.Debug|x86.Build.0 = Debug|Win32
		{D4C128A1-73DC-4941-A453-CE55AF239BA8}.Release_VC142|x64.ActiveCfg = Release|x64
		{D4C128A1-73DC-4941-A453-CE55AF239BA8}.Release_VC142|x64.Build.0 = Release|x64
		{D4C128A1-73DC-4941-A453-CE55AF239BA8}.Release_VC142|x86.ActiveCfg = Release|Win32
		{D4C128A1-73DC-4941-A453-CE55AF239BA8}.Release_VC142|x86.Build.0 = Release|Win32
		{D4C128A1-73DC-4941-A453-CE55AF239BA8}.Release|x64.ActiveCfg = Release|x64
		{D4C128A1-73DC-4941-A453-CE55AF239BA8}.Release|x86.ActiveCfg = Release|Win32
		{D4C128A1-73DC-4941-A453-CE55AF239BA8}.Release|x86.Build.0 = Release|Win32
		{BE858737-949E-48CF-ADF9-079389049B57}.Debug_VC142|x64.ActiveCfg = Debug|x64
		{BE858737-949E-48CF-ADF9-079389049B57}.Debug_VC142|x64.Build.0 = Debug|x64
		{BE858737-949E-48CF-ADF9-079389049B57}.Debug_VC142|x86.ActiveCfg = Debug|x64
		{BE858737-949E-48CF-ADF9-079389049B57}.Debug_VC142|x86.Build.0 = Debug|x64
		{BE858737-949E-48CF-ADF9-079389049B57}.Debug|x64.ActiveCfg = Debug|x64
		{BE858737-949E-48CF-ADF9-079389049B57}.Debug|x64.Build.0 = Debug|x64
		{BE858737-949E-48CF-ADF9-079389049B57}.Debug|x86.ActiveCfg = Debug|x64
		{BE858737-949E-48CF-ADF9-079389049B57}.Release_VC142|x64.ActiveCfg = Release|x64
		{BE858737-949E-48CF-ADF9-079389049B57}.Release_VC142|x64.Build.0 = Release|x64
		{BE858737-949E-48CF-ADF9-079389049B57}.Release_VC142|x86.ActiveCfg = Debug|x64
		{BE858737-949E-48CF-ADF9-079389049B57}.Release_VC142|x86.Build.0 = Debug|x64
		{BE858737-949E-48CF-ADF9-079389049B57}.Release|x64.ActiveCfg = Release|x64
		{BE858737-949E-48CF-ADF9-079389049B57}.Release|x64.Build.0 = Release|x64
		{BE858737-949E-48CF-ADF9-079389049B57}.Release|x86.ActiveCfg = Release|x64
		{B13F31AC-C86C-47FF-B900-EDA1F6EC6C84}.Debug_VC142|x64.ActiveCfg = Debug|x64
		{B13F31AC-C86C-47FF-B900-EDA1F6EC6C84}.Debug_VC142|x64.Build.0 = Debug|x64
		{B13F31AC-C86C-47FF-B900-EDA1F6EC6C84}.Debug_VC142|x86.ActiveCfg = Debug|x64
		{B13F31AC-C86C-47FF-B900-EDA1F6EC6C84}.Debug_VC142|x86.Build.0 = Debug|x64
		{B13F31AC-C86C-47FF-B900-EDA1F6EC6C84}.Debug|x64.ActiveCfg = Debug|x64
		{B13F31AC-C86C-47FF-B900-EDA1F6EC6C84}.Debug|x64.Build.0 = Debug|x64
		{B13F31AC-C86C-47FF-B900-EDA1F6EC6C84}.Debug|x86.ActiveCfg = Debug|x64
		{B13F31AC-C86C-47FF-B900-EDA1F6EC6C84}.Release_VC142|x64.ActiveCfg = Release|x64
		{B13F31AC-C86C-47FF-B900-EDA1F6EC6C84}.Release_VC142|x64.Build.0 = Release|x64
		{B13F31AC-C86C-47FF-B900-EDA1F6EC6C84}.Release_VC142|x86.ActiveCfg = Debug|x64
		{B13F31AC-C86C-47FF-B900-EDA1F6EC6C84}.Release_VC142|x86.Build.0 = Debug|x64
		{B13F31AC-C86C-47FF-B900-EDA1F6EC6C84}.Release|x64.ActiveCfg = Release|x64
		{B13F31AC-C86C-47FF-B900-EDA1F6EC6C84}.Release|x64.Build.0 = Release|x64
		{B13F31AC-C86C-47FF-B900-EDA1F6EC6C84}.Release|x86.ActiveCfg = Release|x64
		{4229A810-8CB3-4C31-A0F5-8E73D89C0379}.Debug_VC142|x64.ActiveCfg = Debug|x64
		{4229A810-8CB3-4C31-A0F5-8E73D89C0379}.Debug_VC142|x64.Build.0 = Debug|x64
		{4229A810-8CB3-4C31-A0F5-8E73D89C0379}.Debug_VC142|x86.ActiveCfg = Debug|x64
		{4229A810-8CB3-4C31-A0F5-8E73D89C0379}.Debug_VC142|x86.Build.0 = Debug|x64
		{4229A810-8CB3-4C31-A0F5-8E73D89C0379}.Debug|x64.ActiveCfg = Debug|x64
		{4229A810-8CB3-4C31-A0F5-8E73D89C0379}.Debug|x64.Build.0 = Debug|x64
		{4229A810-8CB3-4C31-A0F5-8E73D89C0379}.Debug|x86.ActiveCfg = Debug|x64
		{4229A810-8CB3-4C31-A0F5-8E73D89C0379}.Release_VC142|x64.ActiveCfg = Release|x64
		{4229A810-8CB3-4C31-A0F5-8E73D89C0379}.Release_VC142|x64.Build.0 = Release|x64
		{4229A810-8CB3-4C31-A0F5-8E73D89C0379}.Release_VC142|x86.ActiveCfg = Debug|x64
		{4229A810-8CB3-4C31-A0F5-8E73D89C0379}.Release_VC142|x86.Build.0 = Debug|x64
		{4229A810-8CB3-4C31-A0F5-8E73D89C0379}.Release|x64.ActiveCfg = Release|x64
		{4229A810-8CB3-4C31-A0F5-8E73D89C0379}.Release|x64.Build.0 = Release|x64
		{4229A810-8CB3-4C31-A0F5-8E73D89C0379}.Release|x86.ActiveCfg = Release|x64
		{77FC248A-44A9-418F-B4D5-8A793805C7C6}.Debug_VC142|x64.ActiveCfg = Debug|x64
		{77FC248A-44A9-418F-B4D5-8A793805C7C6}.Debug_VC142|x64.Build.0 = Debug|x64
		{77FC248A-44A9-418F-B4D5-8A793805C7C6}.Debug_VC142|x86.ActiveCfg = Debug|Win32
		{77FC248A-44A9-418F-B4D5-8A793805C7C6}.Debug_VC142|x86.Build.0 = Debug|Win32
		{77FC248A-44A9-418F-B4D5-8A793805C7C6}.Debug|x64.ActiveCfg = Debug|x64
		{77FC248A-44A9-418F-B4D5-8A793805C7C6}.Debug|x64.Build.0 = Debug|x64
		{77FC248A-44A9-418F-B4D5-8A793805C7C6}.Debug|x86.ActiveCfg = Debug|Win32
		{77FC248A-44A9-418F-B4D5-8A793805C7C6}.Debug|x86.Build.0 = Debug|Win32
		{77FC248A-44A9-418F-B4D5-8A793805C7C6}.Release_VC142|x64.ActiveCfg = Release|x64
		{77FC248A-44A9-418F-B4D5-8A793805C7C6}.Release_VC142|x64.Build.0 = Release|x64
		{77FC248A-44A9-418F-B4D5-8A793805C7C6}.Release_VC142|x86.ActiveCfg = Release|Win32
		{77FC248A-44A9-418F-B4D5-8A793805C7C6}.Release_VC142|x86.Build.0 = Release|Win32
		{77FC248A-44A9-418F-B4D5-8A793805C7C6}.Release|x64.ActiveCfg = Release|x64
		{77FC248A-44A9-418F-B4D5-8A793805C7C6}.Release|x64.Build.0 = Release|x64
		{77FC248A-44A9-418F-B4D5-8A793805C7C6}.Release|x86.ActiveCfg = Release|Win32
		{77FC248A-44A9-418F-B4D5-8A793805C7C6}.Release|x86.Build.0 = Release|Win32
		{57402FE8-727B-4C6B-A9C7-61CB6C1D85EF}.Debug_VC142|x64.ActiveCfg = Debug|x64
		{57402FE8-727B-4C6B-A9C7-61CB6C1D85EF}.Debug_VC142|x64.Build.0 = Debug|x64
		{57402FE8-727B-4C6B-A9C7-61CB6C1D85EF}.Debug_VC142|x86.ActiveCfg = Debug|Win32
		{57402FE8-727B-4C6B-A9C7-61CB6C1D85EF}.Debug_VC142|x86.Build.0 = Debug|Win32
		{57402FE8-727B-4C6B-A9C7-61CB6C1D85EF}.Debug|x64.ActiveCfg = Debug|x64
		{57402FE8-727B-4C6B-A9C7-61CB6C1D85EF}.Debug|x64.Build.0 = Debug|x64
		{57402FE8-727B-4C6B-A9C7-61CB6C1D85EF}.Debug|x86.ActiveCfg = Debug|Win32
		{57402FE8-727B-4C6B-A9C7-61CB6C1D85EF}.Debug|x86.Build.0 = Debug|Win32
		{57402FE8-727B-4C6B-A9C7-61CB6C1D85EF}.Release_VC142|x64.ActiveCfg = Release|x64
		{57402FE8-727B-4C6B-A9C7-61CB6C1D85EF}.Release_VC142|x64.Build.0 = Release|x64
		{57402FE8-727B-4C6B-A9C7-61CB6C1D85EF}.Release_VC142|x86.ActiveCfg = Release|Win32
		{57402FE8-727B-4C6B-A9C7-61CB6C1D85EF}.Release_VC142|x86.Build.0 = Release|Win32
		{57402FE8-727B-4C6B-A9C7-61CB6C1D85EF}.Release|x64.ActiveCfg = Release|x64
		{57402FE8-727B-4C6B-A9C7-61CB6C1D85EF}.Release|x64.Build.0 = Release|x64
		{57402FE8-727B-4C6B-A9C7-61CB6C1D85EF}.Release|x86.ActiveCfg = Release|Win32
		{57402FE8-727B-4C6B-A9C7-61CB6C1D85EF}.Release|x86.Build.0 = Release|Win32
		{EB3A2D3E-E29E-46DB-8BCD-997CF1FC8ECF}.Debug_VC142|x64.ActiveCfg = Debug|x64
		{EB3A2D3E-E29E-46DB-8BCD-997CF1FC8ECF}.Debug_VC142|x64.Build.0 = Debug|x64
		{EB3A2D3E-E29E-46DB-8BCD-997CF1FC8ECF}.Debug_VC142|x86.ActiveCfg = Debug|x64
		{EB3A2D3E-E29E-46DB-8BCD-997CF1FC8ECF}.Debug_VC142|x86.Build.0 = Debug|x64
		{EB3A2D3E-E29E-46DB-8BCD-997CF1FC8ECF}.Debug|x64.ActiveCfg = Debug|x64
		{EB3A2D3E-E29E-46DB-8BCD-997CF1FC8ECF}.Debug|x64.Build.0 = Debug|x64
		{EB3A2D3E-E29E-46DB-8BCD-997CF1FC8ECF}.Debug|x86.ActiveCfg = Debug|x64
		{EB3A2D3E-E29E-46DB-8BCD-997CF1FC8ECF}.Release_VC142|x64.ActiveCfg = Release|x64
		{EB3A2D3E-E29E-46DB-8BCD-997CF1FC8ECF}.Release_VC142|x64.Build.0 = Release|x64
		{EB3A2D3E-E29E-46DB-8BCD-997CF1FC8ECF}.Release_VC142|x86.ActiveCfg = Debug|x64
		{EB3A2D3E-E29E-46DB-8BCD-997CF1FC8ECF}.Release_VC142|x86.Build.0 = Debug|x64
		{EB3A2D3E-E29E-46DB-8BCD-997CF1FC8ECF}.Release|x64.ActiveCfg = Release|x64
		{EB3A2D3E-E29E-46DB-8BCD-997CF1FC8ECF}.Release|x64.Build.0 = Release|x64
		{EB3A2D3E-E29E-46DB-8BCD-997CF1FC8ECF}.Release|x86.ActiveCfg = Release|x64
	EndGlobalSection
	GlobalSection(SolutionProperties) = preSolution
		HideSolutionNode = FALSE
	EndGlobalSection
	GlobalSection(NestedProjects) = preSolution
		{A236F69D-8FF9-4491-AC5F-45BF49448BBE} = {72D9DF1A-3109-48C4-A9F8-08703C480DA9}
		{20C6411C-596F-4B85-BE4E-8BC91F59D8A6} = {72D9DF1A-3109-48C4-A9F8-08703C480DA9}
		{D4C128A1-73DC-4941-A453-CE55AF239BA8} = {72D9DF1A-3109-48C4-A9F8-08703C480DA9}
		{BE858737-949E-48CF-ADF9-079389049B57} = {72D9DF1A-3109-48C4-A9F8-08703C480DA9}
		{B13F31AC-C86C-47FF-B900-EDA1F6EC6C84} = {72D9DF1A-3109-48C4-A9F8-08703C480DA9}
		{4229A810-8CB3-4C31-A0F5-8E73D89C0379} = {72D9DF1A-3109-48C4-A9F8-08703C480DA9}
		{79DDFD8B-0A43-42CF-AC29-007A87B46254} = {72D9DF1A-3109-48C4-A9F8-08703C480DA9}
		{E45100DF-85E4-4078-ABEE-F81D71BBEF9C} = {72D9DF1A-3109-48C4-A9F8-08703C480DA9}
		{AEFB4976-0C61-4F30-BE21-D4DF274341AB} = {72D9DF1A-3109-48C4-A9F8-08703C480DA9}
		{8E55E0B3-2ADA-494F-BC14-0659D0F3C0DF} = {AEFB4976-0C61-4F30-BE21-D4DF274341AB}
		{DA6C4003-64A4-4CDC-80ED-8F6C1C6362F4} = {AEFB4976-0C61-4F30-BE21-D4DF274341AB}
		{77FC248A-44A9-418F-B4D5-8A793805C7C6} = {161D4080-8BDC-4E78-AB43-0A913F2054B6}
		{57402FE8-727B-4C6B-A9C7-61CB6C1D85EF} = {161D4080-8BDC-4E78-AB43-0A913F2054B6}
		{075B7775-DEB5-490F-BF69-A956B94053D2} = {72D9DF1A-3109-48C4-A9F8-08703C480DA9}
		{EB3A2D3E-E29E-46DB-8BCD-997CF1FC8ECF} = {161D4080-8BDC-4E78-AB43-0A913F2054B6}
	EndGlobalSection
	GlobalSection(ExtensibilityGlobals) = postSolution
		SolutionGuid = {BA1EA9D2-DA93-4F88-89B6-4777FB97F038}
	EndGlobalSection
EndGlobal
